# THIS IS AN AUTOGENERATED FILE. DO NOT EDIT THIS FILE DIRECTLY.
# yarn lockfile v1


"@types/google-apps-script@^1.0.57":
  version "1.0.57"
  resolved "https://registry.yarnpkg.com/@types/google-apps-script/-/google-apps-script-1.0.57.tgz#44beb316a98d609de465bfb2e0b5aa1d2b63808c"
  integrity sha512-w06Yoh+SamGpS2kGVlGy/5JkmFkLrW6u3tbglyHEu9uC9lrzqr6FyLcgVsL95Tmq9L0q//D8seqd4GZGRPPKUw==

clasp@^1.0.0:
  version "1.0.0"
  resolved "https://registry.yarnpkg.com/clasp/-/clasp-1.0.0.tgz#d13c40c8a581ec5fbf9caa7a45db4090c5b3dea0"
  integrity sha512-JkgxdZvYBtqIlGPvC5oRZ548eHpfx+81z5GXckpXcMkRTZDddkQfwK60w1YE32n8ovGoSW88pbsIvCPOKM6hyA==

typescript@^4.9.5:
  version "4.9.5"
  resolved "https://registry.yarnpkg.com/typescript/-/typescript-4.9.5.tgz#095979f9bcc0d09da324d58d03ce8f8374cbe65a"
  integrity sha512-1FXk9E2Hm+QzZQ7z+McJiHL4NW1F2EzMu9Nq9i3zAaGqibafqYwCVU6WyWAuyQRRzOlxou8xZSyXLEN8oKj24g==
